// !$*UTF8*$!
{
	archiveVersion = 1;
	classes = {
	};
	objectVersion = 55;
	objects = {

/* Begin PBXBuildFile section */
		23435A0C2877DE230092A8FA /* LexendDeca-Regular.ttf in Resources */ = {isa = PBXBuildFile; fileRef = 23435A092877DE230092A8FA /* LexendDeca-Regular.ttf */; };
		23435A0D2877DE230092A8FA /* LexendDeca-SemiBold.ttf in Resources */ = {isa = PBXBuildFile; fileRef = 23435A0A2877DE230092A8FA /* LexendDeca-SemiBold.ttf */; };
		23435A0E2877DE230092A8FA /* LexendDeca-Bold.ttf in Resources */ = {isa = PBXBuildFile; fileRef = 23435A0B2877DE230092A8FA /* LexendDeca-Bold.ttf */; };
		23435A102877DF080092A8FA /* Fonts.swift in Sources */ = {isa = PBXBuildFile; fileRef = 23435A0F2877DF080092A8FA /* Fonts.swift */; };
		23435A152877E2460092A8FA /* CustomTabBar.swift in Sources */ = {isa = PBXBuildFile; fileRef = 23435A142877E2460092A8FA /* CustomTabBar.swift */; };
		23435A172877E2560092A8FA /* CustomerTabBarButton.swift in Sources */ = {isa = PBXBuildFile; fileRef = 23435A162877E2560092A8FA /* CustomerTabBarButton.swift */; };
		23435A1A287895700092A8FA /* GoogleService-Info.plist in Resources */ = {isa = PBXBuildFile; fileRef = 23435A19287895700092A8FA /* GoogleService-Info.plist */; };
		23435A1D28789A500092A8FA /* FirebaseAuth in Frameworks */ = {isa = PBXBuildFile; productRef = 23435A1C28789A500092A8FA /* FirebaseAuth */; };
		23435A1F28789A500092A8FA /* FirebaseFirestore in Frameworks */ = {isa = PBXBuildFile; productRef = 23435A1E28789A500092A8FA /* FirebaseFirestore */; };
		23435A2128789A500092A8FA /* FirebaseFirestoreSwift in Frameworks */ = {isa = PBXBuildFile; productRef = 23435A2028789A500092A8FA /* FirebaseFirestoreSwift */; };
		23435A2328789A500092A8FA /* FirebaseStorage in Frameworks */ = {isa = PBXBuildFile; productRef = 23435A2228789A500092A8FA /* FirebaseStorage */; };
		23435A25287924D90092A8FA /* AppDelegate.swift in Sources */ = {isa = PBXBuildFile; fileRef = 23435A24287924D90092A8FA /* AppDelegate.swift */; };
		23435A2828792ADE0092A8FA /* AuthViewModel.swift in Sources */ = {isa = PBXBuildFile; fileRef = 23435A2728792ADE0092A8FA /* AuthViewModel.swift */; };
		23A25A552877D78600B094DC /* SwiftUI_ChatApp.swift in Sources */ = {isa = PBXBuildFile; fileRef = 23A25A542877D78600B094DC /* SwiftUI_ChatApp.swift */; };
		23A25A572877D78600B094DC /* RootView.swift in Sources */ = {isa = PBXBuildFile; fileRef = 23A25A562877D78600B094DC /* RootView.swift */; };
		23A25A592877D78700B094DC /* Assets.xcassets in Resources */ = {isa = PBXBuildFile; fileRef = 23A25A582877D78700B094DC /* Assets.xcassets */; };
		23A25A5C2877D78700B094DC /* Preview Assets.xcassets in Resources */ = {isa = PBXBuildFile; fileRef = 23A25A5B2877D78700B094DC /* Preview Assets.xcassets */; };
/* End PBXBuildFile section */

/* Begin PBXFileReference section */
		23435A092877DE230092A8FA /* LexendDeca-Regular.ttf */ = {isa = PBXFileReference; lastKnownFileType = file; path = "LexendDeca-Regular.ttf"; sourceTree = "<group>"; };
		23435A0A2877DE230092A8FA /* LexendDeca-SemiBold.ttf */ = {isa = PBXFileReference; lastKnownFileType = file; path = "LexendDeca-SemiBold.ttf"; sourceTree = "<group>"; };
		23435A0B2877DE230092A8FA /* LexendDeca-Bold.ttf */ = {isa = PBXFileReference; lastKnownFileType = file; path = "LexendDeca-Bold.ttf"; sourceTree = "<group>"; };
		23435A0F2877DF080092A8FA /* Fonts.swift */ = {isa = PBXFileReference; fileEncoding = 4; lastKnownFileType = sourcecode.swift; path = Fonts.swift; sourceTree = "<group>"; };
		23435A142877E2460092A8FA /* CustomTabBar.swift */ = {isa = PBXFileReference; lastKnownFileType = sourcecode.swift; path = CustomTabBar.swift; sourceTree = "<group>"; };
		23435A162877E2560092A8FA /* CustomerTabBarButton.swift */ = {isa = PBXFileReference; lastKnownFileType = sourcecode.swift; path = CustomerTabBarButton.swift; sourceTree = "<group>"; };
		23435A182877E4090092A8FA /* SwiftUI-Chat-Info.plist */ = {isa = PBXFileReference; lastKnownFileType = text.plist; path = "SwiftUI-Chat-Info.plist"; sourceTree = SOURCE_ROOT; };
		23435A19287895700092A8FA /* GoogleService-Info.plist */ = {isa = PBXFileReference; fileEncoding = 4; lastKnownFileType = text.plist.xml; path = "GoogleService-Info.plist"; sourceTree = "<group>"; };
		23435A24287924D90092A8FA /* AppDelegate.swift */ = {isa = PBXFileReference; lastKnownFileType = sourcecode.swift; path = AppDelegate.swift; sourceTree = "<group>"; };
		23435A262879286B0092A8FA /* SwiftUI_Chat.entitlements */ = {isa = PBXFileReference; lastKnownFileType = text.plist.entitlements; path = SwiftUI_Chat.entitlements; sourceTree = "<group>"; };
		23435A2728792ADE0092A8FA /* AuthViewModel.swift */ = {isa = PBXFileReference; lastKnownFileType = sourcecode.swift; path = AuthViewModel.swift; sourceTree = "<group>"; };
		23A25A512877D78600B094DC /* SwiftUI_Chat.app */ = {isa = PBXFileReference; explicitFileType = wrapper.application; includeInIndex = 0; path = SwiftUI_Chat.app; sourceTree = BUILT_PRODUCTS_DIR; };
		23A25A542877D78600B094DC /* SwiftUI_ChatApp.swift */ = {isa = PBXFileReference; lastKnownFileType = sourcecode.swift; path = SwiftUI_ChatApp.swift; sourceTree = "<group>"; };
		23A25A562877D78600B094DC /* RootView.swift */ = {isa = PBXFileReference; lastKnownFileType = sourcecode.swift; path = RootView.swift; sourceTree = "<group>"; };
		23A25A582877D78700B094DC /* Assets.xcassets */ = {isa = PBXFileReference; lastKnownFileType = folder.assetcatalog; path = Assets.xcassets; sourceTree = "<group>"; };
		23A25A5B2877D78700B094DC /* Preview Assets.xcassets */ = {isa = PBXFileReference; lastKnownFileType = folder.assetcatalog; path = "Preview Assets.xcassets"; sourceTree = "<group>"; };
/* End PBXFileReference section */

/* Begin PBXFrameworksBuildPhase section */
		23A25A4E2877D78600B094DC /* Frameworks */ = {
			isa = PBXFrameworksBuildPhase;
			buildActionMask = 2147483647;
			files = (
				23435A1D28789A500092A8FA /* FirebaseAuth in Frameworks */,
				23435A2328789A500092A8FA /* FirebaseStorage in Frameworks */,
				23435A1F28789A500092A8FA /* FirebaseFirestore in Frameworks */,
				23435A2128789A500092A8FA /* FirebaseFirestoreSwift in Frameworks */,
			);
			runOnlyForDeploymentPostprocessing = 0;
		};
/* End PBXFrameworksBuildPhase section */

/* Begin PBXGroup section */
		23435A032877DC300092A8FA /* Views */ = {
			isa = PBXGroup;
			children = (
				23435A132877E22F0092A8FA /* Custom Tab Bar */,
				23A25A562877D78600B094DC /* RootView.swift */,
			);
			path = Views;
			sourceTree = "<group>";
		};
		23435A042877DC370092A8FA /* ViewModels */ = {
			isa = PBXGroup;
			children = (
				23435A2728792ADE0092A8FA /* AuthViewModel.swift */,
			);
			path = ViewModels;
			sourceTree = "<group>";
		};
		23435A052877DC410092A8FA /* Models */ = {
			isa = PBXGroup;
			children = (
			);
			path = Models;
			sourceTree = "<group>";
		};
		23435A062877DC4A0092A8FA /* Helpers */ = {
			isa = PBXGroup;
			children = (
				23435A0F2877DF080092A8FA /* Fonts.swift */,
			);
			path = Helpers;
			sourceTree = "<group>";
		};
		23435A072877DC560092A8FA /* Services */ = {
			isa = PBXGroup;
			children = (
			);
			path = Services;
			sourceTree = "<group>";
		};
		23435A082877DC700092A8FA /* Fonts */ = {
			isa = PBXGroup;
			children = (
				23435A0B2877DE230092A8FA /* LexendDeca-Bold.ttf */,
				23435A092877DE230092A8FA /* LexendDeca-Regular.ttf */,
				23435A0A2877DE230092A8FA /* LexendDeca-SemiBold.ttf */,
			);
			path = Fonts;
			sourceTree = "<group>";
		};
		23435A132877E22F0092A8FA /* Custom Tab Bar */ = {
			isa = PBXGroup;
			children = (
				23435A142877E2460092A8FA /* CustomTabBar.swift */,
				23435A162877E2560092A8FA /* CustomerTabBarButton.swift */,
			);
			path = "Custom Tab Bar";
			sourceTree = "<group>";
		};
		23A25A482877D78600B094DC = {
			isa = PBXGroup;
			children = (
				23A25A532877D78600B094DC /* SwiftUI_Chat */,
				23A25A522877D78600B094DC /* Products */,
			);
			sourceTree = "<group>";
		};
		23A25A522877D78600B094DC /* Products */ = {
			isa = PBXGroup;
			children = (
				23A25A512877D78600B094DC /* SwiftUI_Chat.app */,
			);
			name = Products;
			sourceTree = "<group>";
		};
		23A25A532877D78600B094DC /* SwiftUI_Chat */ = {
			isa = PBXGroup;
			children = (
				23435A262879286B0092A8FA /* SwiftUI_Chat.entitlements */,
				23435A182877E4090092A8FA /* SwiftUI-Chat-Info.plist */,
				23435A19287895700092A8FA /* GoogleService-Info.plist */,
				23435A24287924D90092A8FA /* AppDelegate.swift */,
				23A25A542877D78600B094DC /* SwiftUI_ChatApp.swift */,
				23435A032877DC300092A8FA /* Views */,
				23435A042877DC370092A8FA /* ViewModels */,
				23435A052877DC410092A8FA /* Models */,
				23435A072877DC560092A8FA /* Services */,
				23435A062877DC4A0092A8FA /* Helpers */,
				23435A082877DC700092A8FA /* Fonts */,
				23A25A582877D78700B094DC /* Assets.xcassets */,
				23A25A5A2877D78700B094DC /* Preview Content */,
			);
			path = SwiftUI_Chat;
			sourceTree = "<group>";
		};
		23A25A5A2877D78700B094DC /* Preview Content */ = {
			isa = PBXGroup;
			children = (
				23A25A5B2877D78700B094DC /* Preview Assets.xcassets */,
			);
			path = "Preview Content";
			sourceTree = "<group>";
		};
/* End PBXGroup section */

/* Begin PBXNativeTarget section */
		23A25A502877D78600B094DC /* SwiftUI_Chat */ = {
			isa = PBXNativeTarget;
			buildConfigurationList = 23A25A5F2877D78700B094DC /* Build configuration list for PBXNativeTarget "SwiftUI_Chat" */;
			buildPhases = (
				23A25A4D2877D78600B094DC /* Sources */,
				23A25A4E2877D78600B094DC /* Frameworks */,
				23A25A4F2877D78600B094DC /* Resources */,
			);
			buildRules = (
			);
			dependencies = (
			);
			name = SwiftUI_Chat;
			packageProductDependencies = (
				23435A1C28789A500092A8FA /* FirebaseAuth */,
				23435A1E28789A500092A8FA /* FirebaseFirestore */,
				23435A2028789A500092A8FA /* FirebaseFirestoreSwift */,
				23435A2228789A500092A8FA /* FirebaseStorage */,
			);
			productName = SwiftUI_Chat;
			productReference = 23A25A512877D78600B094DC /* SwiftUI_Chat.app */;
			productType = "com.apple.product-type.application";
		};
/* End PBXNativeTarget section */

/* Begin PBXProject section */
		23A25A492877D78600B094DC /* Project object */ = {
			isa = PBXProject;
			attributes = {
				BuildIndependentTargetsInParallel = 1;
				LastSwiftUpdateCheck = 1340;
				LastUpgradeCheck = 1340;
				TargetAttributes = {
					23A25A502877D78600B094DC = {
						CreatedOnToolsVersion = 13.4.1;
					};
				};
			};
			buildConfigurationList = 23A25A4C2877D78600B094DC /* Build configuration list for PBXProject "SwiftUI_Chat" */;
			compatibilityVersion = "Xcode 13.0";
			developmentRegion = en;
			hasScannedForEncodings = 0;
			knownRegions = (
				en,
				Base,
			);
			mainGroup = 23A25A482877D78600B094DC;
			packageReferences = (
				23435A1B28789A500092A8FA /* XCRemoteSwiftPackageReference "firebase-ios-sdk" */,
			);
			productRefGroup = 23A25A522877D78600B094DC /* Products */;
			projectDirPath = "";
			projectRoot = "";
			targets = (
				23A25A502877D78600B094DC /* SwiftUI_Chat */,
			);
		};
/* End PBXProject section */

/* Begin PBXResourcesBuildPhase section */
		23A25A4F2877D78600B094DC /* Resources */ = {
			isa = PBXResourcesBuildPhase;
			buildActionMask = 2147483647;
			files = (
				23435A0D2877DE230092A8FA /* LexendDeca-SemiBold.ttf in Resources */,
				23435A0E2877DE230092A8FA /* LexendDeca-Bold.ttf in Resources */,
				23A25A5C2877D78700B094DC /* Preview Assets.xcassets in Resources */,
				23435A0C2877DE230092A8FA /* LexendDeca-Regular.ttf in Resources */,
				23A25A592877D78700B094DC /* Assets.xcassets in Resources */,
				23435A1A287895700092A8FA /* GoogleService-Info.plist in Resources */,
			);
			runOnlyForDeploymentPostprocessing = 0;
		};
/* End PBXResourcesBuildPhase section */

/* Begin PBXSourcesBuildPhase section */
		23A25A4D2877D78600B094DC /* Sources */ = {
			isa = PBXSourcesBuildPhase;
			buildActionMask = 2147483647;
			files = (
				23435A25287924D90092A8FA /* AppDelegate.swift in Sources */,
				23435A152877E2460092A8FA /* CustomTabBar.swift in Sources */,
				23A25A572877D78600B094DC /* RootView.swift in Sources */,
				23435A2828792ADE0092A8FA /* AuthViewModel.swift in Sources */,
				23435A172877E2560092A8FA /* CustomerTabBarButton.swift in Sources */,
				23435A102877DF080092A8FA /* Fonts.swift in Sources */,
				23A25A552877D78600B094DC /* SwiftUI_ChatApp.swift in Sources */,
			);
			runOnlyForDeploymentPostprocessing = 0;
		};
/* End PBXSourcesBuildPhase section */

/* Begin XCBuildConfiguration section */
		23A25A5D2877D78700B094DC /* Debug */ = {
			isa = XCBuildConfiguration;
			buildSettings = {
				ALWAYS_SEARCH_USER_PATHS = NO;
				CLANG_ANALYZER_NONNULL = YES;
				CLANG_ANALYZER_NUMBER_OBJECT_CONVERSION = YES_AGGRESSIVE;
				CLANG_CXX_LANGUAGE_STANDARD = "gnu++17";
				CLANG_ENABLE_MODULES = YES;
				CLANG_ENABLE_OBJC_ARC = YES;
				CLANG_ENABLE_OBJC_WEAK = YES;
				CLANG_WARN_BLOCK_CAPTURE_AUTORELEASING = YES;
				CLANG_WARN_BOOL_CONVERSION = YES;
				CLANG_WARN_COMMA = YES;
				CLANG_WARN_CONSTANT_CONVERSION = YES;
				CLANG_WARN_DEPRECATED_OBJC_IMPLEMENTATIONS = YES;
				CLANG_WARN_DIRECT_OBJC_ISA_USAGE = YES_ERROR;
				CLANG_WARN_DOCUMENTATION_COMMENTS = YES;
				CLANG_WARN_EMPTY_BODY = YES;
				CLANG_WARN_ENUM_CONVERSION = YES;
				CLANG_WARN_INFINITE_RECURSION = YES;
				CLANG_WARN_INT_CONVERSION = YES;
				CLANG_WARN_NON_LITERAL_NULL_CONVERSION = YES;
				CLANG_WARN_OBJC_IMPLICIT_RETAIN_SELF = YES;
				CLANG_WARN_OBJC_LITERAL_CONVERSION = YES;
				CLANG_WARN_OBJC_ROOT_CLASS = YES_ERROR;
				CLANG_WARN_QUOTED_INCLUDE_IN_FRAMEWORK_HEADER = YES;
				CLANG_WARN_RANGE_LOOP_ANALYSIS = YES;
				CLANG_WARN_STRICT_PROTOTYPES = YES;
				CLANG_WARN_SUSPICIOUS_MOVE = YES;
				CLANG_WARN_UNGUARDED_AVAILABILITY = YES_AGGRESSIVE;
				CLANG_WARN_UNREACHABLE_CODE = YES;
				CLANG_WARN__DUPLICATE_METHOD_MATCH = YES;
				COPY_PHASE_STRIP = NO;
				DEBUG_INFORMATION_FORMAT = dwarf;
				ENABLE_STRICT_OBJC_MSGSEND = YES;
				ENABLE_TESTABILITY = YES;
				GCC_C_LANGUAGE_STANDARD = gnu11;
				GCC_DYNAMIC_NO_PIC = NO;
				GCC_NO_COMMON_BLOCKS = YES;
				GCC_OPTIMIZATION_LEVEL = 0;
				GCC_PREPROCESSOR_DEFINITIONS = (
					"DEBUG=1",
					"$(inherited)",
				);
				GCC_WARN_64_TO_32_BIT_CONVERSION = YES;
				GCC_WARN_ABOUT_RETURN_TYPE = YES_ERROR;
				GCC_WARN_UNDECLARED_SELECTOR = YES;
				GCC_WARN_UNINITIALIZED_AUTOS = YES_AGGRESSIVE;
				GCC_WARN_UNUSED_FUNCTION = YES;
				GCC_WARN_UNUSED_VARIABLE = YES;
				IPHONEOS_DEPLOYMENT_TARGET = 15.5;
				MTL_ENABLE_DEBUG_INFO = INCLUDE_SOURCE;
				MTL_FAST_MATH = YES;
				ONLY_ACTIVE_ARCH = YES;
				SDKROOT = iphoneos;
				SWIFT_ACTIVE_COMPILATION_CONDITIONS = DEBUG;
				SWIFT_OPTIMIZATION_LEVEL = "-Onone";
			};
			name = Debug;
		};
		23A25A5E2877D78700B094DC /* Release */ = {
			isa = XCBuildConfiguration;
			buildSettings = {
				ALWAYS_SEARCH_USER_PATHS = NO;
				CLANG_ANALYZER_NONNULL = YES;
				CLANG_ANALYZER_NUMBER_OBJECT_CONVERSION = YES_AGGRESSIVE;
				CLANG_CXX_LANGUAGE_STANDARD = "gnu++17";
				CLANG_ENABLE_MODULES = YES;
				CLANG_ENABLE_OBJC_ARC = YES;
				CLANG_ENABLE_OBJC_WEAK = YES;
				CLANG_WARN_BLOCK_CAPTURE_AUTORELEASING = YES;
				CLANG_WARN_BOOL_CONVERSION = YES;
				CLANG_WARN_COMMA = YES;
				CLANG_WARN_CONSTANT_CONVERSION = YES;
				CLANG_WARN_DEPRECATED_OBJC_IMPLEMENTATIONS = YES;
				CLANG_WARN_DIRECT_OBJC_ISA_USAGE = YES_ERROR;
				CLANG_WARN_DOCUMENTATION_COMMENTS = YES;
				CLANG_WARN_EMPTY_BODY = YES;
				CLANG_WARN_ENUM_CONVERSION = YES;
				CLANG_WARN_INFINITE_RECURSION = YES;
				CLANG_WARN_INT_CONVERSION = YES;
				CLANG_WARN_NON_LITERAL_NULL_CONVERSION = YES;
				CLANG_WARN_OBJC_IMPLICIT_RETAIN_SELF = YES;
				CLANG_WARN_OBJC_LITERAL_CONVERSION = YES;
				CLANG_WARN_OBJC_ROOT_CLASS = YES_ERROR;
				CLANG_WARN_QUOTED_INCLUDE_IN_FRAMEWORK_HEADER = YES;
				CLANG_WARN_RANGE_LOOP_ANALYSIS = YES;
				CLANG_WARN_STRICT_PROTOTYPES = YES;
				CLANG_WARN_SUSPICIOUS_MOVE = YES;
				CLANG_WARN_UNGUARDED_AVAILABILITY = YES_AGGRESSIVE;
				CLANG_WARN_UNREACHABLE_CODE = YES;
				CLANG_WARN__DUPLICATE_METHOD_MATCH = YES;
				COPY_PHASE_STRIP = NO;
				DEBUG_INFORMATION_FORMAT = "dwarf-with-dsym";
				ENABLE_NS_ASSERTIONS = NO;
				ENABLE_STRICT_OBJC_MSGSEND = YES;
				GCC_C_LANGUAGE_STANDARD = gnu11;
				GCC_NO_COMMON_BLOCKS = YES;
				GCC_WARN_64_TO_32_BIT_CONVERSION = YES;
				GCC_WARN_ABOUT_RETURN_TYPE = YES_ERROR;
				GCC_WARN_UNDECLARED_SELECTOR = YES;
				GCC_WARN_UNINITIALIZED_AUTOS = YES_AGGRESSIVE;
				GCC_WARN_UNUSED_FUNCTION = YES;
				GCC_WARN_UNUSED_VARIABLE = YES;
				IPHONEOS_DEPLOYMENT_TARGET = 15.5;
				MTL_ENABLE_DEBUG_INFO = NO;
				MTL_FAST_MATH = YES;
				SDKROOT = iphoneos;
				SWIFT_COMPILATION_MODE = wholemodule;
				SWIFT_OPTIMIZATION_LEVEL = "-O";
				VALIDATE_PRODUCT = YES;
			};
			name = Release;
		};
		23A25A602877D78700B094DC /* Debug */ = {
			isa = XCBuildConfiguration;
			buildSettings = {
				ASSETCATALOG_COMPILER_APPICON_NAME = AppIcon;
				ASSETCATALOG_COMPILER_GLOBAL_ACCENT_COLOR_NAME = AccentColor;
				CODE_SIGN_ENTITLEMENTS = SwiftUI_Chat/SwiftUI_Chat.entitlements;
				CODE_SIGN_STYLE = Automatic;
				CURRENT_PROJECT_VERSION = 1;
				DEVELOPMENT_ASSET_PATHS = "\"SwiftUI_Chat/Preview Content\"";
				ENABLE_PREVIEWS = YES;
				GENERATE_INFOPLIST_FILE = YES;
				INFOPLIST_FILE = "SwiftUI-Chat-Info.plist";
				INFOPLIST_KEY_LSApplicationCategoryType = "";
				INFOPLIST_KEY_UIApplicationSceneManifest_Generation = YES;
				INFOPLIST_KEY_UIApplicationSupportsIndirectInputEvents = YES;
				INFOPLIST_KEY_UILaunchScreen_Generation = YES;
				INFOPLIST_KEY_UISupportedInterfaceOrientations_iPad = "UIInterfaceOrientationPortrait UIInterfaceOrientationPortraitUpsideDown UIInterfaceOrientationLandscapeLeft UIInterfaceOrientationLandscapeRight";
				INFOPLIST_KEY_UISupportedInterfaceOrientations_iPhone = "UIInterfaceOrientationPortrait UIInterfaceOrientationLandscapeLeft UIInterfaceOrientationLandscapeRight";
				LD_RUNPATH_SEARCH_PATHS = (
					"$(inherited)",
					"@executable_path/Frameworks",
				);
				MARKETING_VERSION = 1.0;
				PRODUCT_BUNDLE_IDENTIFIER = "Warkoi.Software.SwiftUI-Chat";
				PRODUCT_NAME = "$(TARGET_NAME)";
				SWIFT_EMIT_LOC_STRINGS = YES;
				SWIFT_VERSION = 5.0;
				TARGETED_DEVICE_FAMILY = "1,2";
			};
			name = Debug;
		};
		23A25A612877D78700B094DC /* Release */ = {
			isa = XCBuildConfiguration;
			buildSettings = {
				ASSETCATALOG_COMPILER_APPICON_NAME = AppIcon;
				ASSETCATALOG_COMPILER_GLOBAL_ACCENT_COLOR_NAME = AccentColor;
				CODE_SIGN_ENTITLEMENTS = SwiftUI_Chat/SwiftUI_Chat.entitlements;
				CODE_SIGN_STYLE = Automatic;
				CURRENT_PROJECT_VERSION = 1;
				DEVELOPMENT_ASSET_PATHS = "\"SwiftUI_Chat/Preview Content\"";
				ENABLE_PREVIEWS = YES;
				GENERATE_INFOPLIST_FILE = YES;
				INFOPLIST_FILE = "SwiftUI-Chat-Info.plist";
				INFOPLIST_KEY_LSApplicationCategoryType = "";
				INFOPLIST_KEY_UIApplicationSceneManifest_Generation = YES;
				INFOPLIST_KEY_UIApplicationSupportsIndirectInputEvents = YES;
				INFOPLIST_KEY_UILaunchScreen_Generation = YES;
				INFOPLIST_KEY_UISupportedInterfaceOrientations_iPad = "UIInterfaceOrientationPortrait UIInterfaceOrientationPortraitUpsideDown UIInterfaceOrientationLandscapeLeft UIInterfaceOrientationLandscapeRight";
				INFOPLIST_KEY_UISupportedInterfaceOrientations_iPhone = "UIInterfaceOrientationPortrait UIInterfaceOrientationLandscapeLeft UIInterfaceOrientationLandscapeRight";
				LD_RUNPATH_SEARCH_PATHS = (
					"$(inherited)",
					"@executable_path/Frameworks",
				);
				MARKETING_VERSION = 1.0;
				PRODUCT_BUNDLE_IDENTIFIER = "Warkoi.Software.SwiftUI-Chat";
				PRODUCT_NAME = "$(TARGET_NAME)";
				SWIFT_EMIT_LOC_STRINGS = YES;
				SWIFT_VERSION = 5.0;
				TARGETED_DEVICE_FAMILY = "1,2";
			};
			name = Release;
		};
/* End XCBuildConfiguration section */

/* Begin XCConfigurationList section */
		23A25A4C2877D78600B094DC /* Build configuration list for PBXProject "SwiftUI_Chat" */ = {
			isa = XCConfigurationList;
			buildConfigurations = (
				23A25A5D2877D78700B094DC /* Debug */,
				23A25A5E2877D78700B094DC /* Release */,
			);
			defaultConfigurationIsVisible = 0;
			defaultConfigurationName = Release;
		};
		23A25A5F2877D78700B094DC /* Build configuration list for PBXNativeTarget "SwiftUI_Chat" */ = {
			isa = XCConfigurationList;
			buildConfigurations = (
				23A25A602877D78700B094DC /* Debug */,
				23A25A612877D78700B094DC /* Release */,
			);
			defaultConfigurationIsVisible = 0;
			defaultConfigurationName = Release;
		};
/* End XCConfigurationList section */

/* Begin XCRemoteSwiftPackageReference section */
		23435A1B28789A500092A8FA /* XCRemoteSwiftPackageReference "firebase-ios-sdk" */ = {
			isa = XCRemoteSwiftPackageReference;
			repositoryURL = "https://github.com/firebase/firebase-ios-sdk";
			requirement = {
				kind = upToNextMajorVersion;
				minimumVersion = 9.0.0;
			};
		};
/* End XCRemoteSwiftPackageReference section */

/* Begin XCSwiftPackageProductDependency section */
		23435A1C28789A500092A8FA /* FirebaseAuth */ = {
			isa = XCSwiftPackageProductDependency;
			package = 23435A1B28789A500092A8FA /* XCRemoteSwiftPackageReference "firebase-ios-sdk" */;
			productName = FirebaseAuth;
		};
		23435A1E28789A500092A8FA /* FirebaseFirestore */ = {
			isa = XCSwiftPackageProductDependency;
			package = 23435A1B28789A500092A8FA /* XCRemoteSwiftPackageReference "firebase-ios-sdk" */;
			productName = FirebaseFirestore;
		};
		23435A2028789A500092A8FA /* FirebaseFirestoreSwift */ = {
			isa = XCSwiftPackageProductDependency;
			package = 23435A1B28789A500092A8FA /* XCRemoteSwiftPackageReference "firebase-ios-sdk" */;
			productName = FirebaseFirestoreSwift;
		};
		23435A2228789A500092A8FA /* FirebaseStorage */ = {
			isa = XCSwiftPackageProductDependency;
			package = 23435A1B28789A500092A8FA /* XCRemoteSwiftPackageReference "firebase-ios-sdk" */;
			productName = FirebaseStorage;
		};
/* End XCSwiftPackageProductDependency section */
	};
	rootObject = 23A25A492877D78600B094DC /* Project object */;
}
